
Microsoft Visual Studio Solution File, Format Version 12.00
# Visual Studio Version 17
VisualStudioVersion = 17.5.002.0
MinimumVisualStudioVersion = 10.0.40219.1
Project("{9A19103F-16F7-4668-BE54-9A1E7A4F7556}") = "day7", "day7.csproj", "{30643689-ECD1-4165-A996-87383F4B46F1}"
EndProject
Global
	GlobalSection(SolutionConfigurationPlatforms) = preSolution
		Debug|Any CPU = Debug|Any CPU
		Release|Any CPU = Release|Any CPU
	EndGlobalSection
	GlobalSection(ProjectConfigurationPlatforms) = postSolution
		{30643689-ECD1-4165-A996-87383F4B46F1}.Debug|Any CPU.ActiveCfg = Debug|Any CPU
		{30643689-ECD1-4165-A996-87383F4B46F1}.Debug|Any CPU.Build.0 = Debug|Any CPU
		{30643689-ECD1-4165-A996-87383F4B46F1}.Release|Any CPU.ActiveCfg = Release|Any CPU
		{30643689-ECD1-4165-A996-87383F4B46F1}.Release|Any CPU.Build.0 = Release|Any CPU
	EndGlobalSection
	GlobalSection(SolutionProperties) = preSolution
		HideSolutionNode = FALSE
	EndGlobalSection
	GlobalSection(ExtensibilityGlobals) = postSolution
		SolutionGuid = {73AF91B0-8A41-4153-AA78-51F15BC3C878}
	EndGlobalSection
EndGlobal
